
Microsoft Visual Studio Solution File, Format Version 12.00
# Visual Studio Version 17
VisualStudioVersion = 17.0.31903.59
MinimumVisualStudioVersion = 10.0.40219.1
Project("{FAE04EC0-301F-11D3-BF4B-00C04F79EFBC}") = "CopilotAgent.App", "src\CopilotAgent.App\CopilotAgent.App.csproj", "{A1B2C3D4-E5F6-4A5B-8C7D-9E0F1A2B3C4D}"
EndProject
Project("{FAE04EC0-301F-11D3-BF4B-00C04F79EFBC}") = "CopilotAgent.Core", "src\CopilotAgent.Core\CopilotAgent.Core.csproj", "{B2C3D4E5-F6A7-5B6C-9D8E-0F1A2B3C4D5E}"
EndProject
Project("{FAE04EC0-301F-11D3-BF4B-00C04F79EFBC}") = "CopilotAgent.Persistence", "src\CopilotAgent.Persistence\CopilotAgent.Persistence.csproj", "{C3D4E5F6-A7B8-6C7D-0E9F-1A2B3C4D5E6F}"
EndProject
Project("{FAE04EC0-301F-11D3-BF4B-00C04F79EFBC}") = "CopilotAgent.Tests", "tests\CopilotAgent.Tests\CopilotAgent.Tests.csproj", "{D4E5F6A7-B8C9-7D8E-1F0A-2B3C4D5E6F7A}"
EndProject
Project("{2150E333-8FDC-42A3-9474-1A3956D46DE8}") = "src", "src", "{E5F6A7B8-C9DA-8E9F-2A1B-3C4D5E6F7A8B}"
EndProject
Project("{2150E333-8FDC-42A3-9474-1A3956D46DE8}") = "tests", "tests", "{F6A7B8C9-DAEB-9FAC-3B2C-4D5E6F7A8B9C}"
EndProject
Project("{FAE04EC0-301F-11D3-BF4B-00C04F79EFBC}") = "CopilotAgent.MultiAgent", "src\CopilotAgent.MultiAgent\CopilotAgent.MultiAgent.csproj", "{F5FAB576-6F80-4690-A867-B427B0222C54}"
EndProject
Project("{FAE04EC0-301F-11D3-BF4B-00C04F79EFBC}") = "CopilotAgent.Office", "src\CopilotAgent.Office\CopilotAgent.Office.csproj", "{3BEEC446-3F27-418E-953D-D63D903C53D0}"
EndProject
Global
	GlobalSection(SolutionConfigurationPlatforms) = preSolution
		Debug|Any CPU = Debug|Any CPU
		Debug|x64 = Debug|x64
		Debug|x86 = Debug|x86
		Release|Any CPU = Release|Any CPU
		Release|x64 = Release|x64
		Release|x86 = Release|x86
	EndGlobalSection
	GlobalSection(ProjectConfigurationPlatforms) = postSolution
		{A1B2C3D4-E5F6-4A5B-8C7D-9E0F1A2B3C4D}.Debug|Any CPU.ActiveCfg = Debug|Any CPU
		{A1B2C3D4-E5F6-4A5B-8C7D-9E0F1A2B3C4D}.Debug|Any CPU.Build.0 = Debug|Any CPU
		{A1B2C3D4-E5F6-4A5B-8C7D-9E0F1A2B3C4D}.Debug|x64.ActiveCfg = Debug|Any CPU
		{A1B2C3D4-E5F6-4A5B-8C7D-9E0F1A2B3C4D}.Debug|x64.Build.0 = Debug|Any CPU
		{A1B2C3D4-E5F6-4A5B-8C7D-9E0F1A2B3C4D}.Debug|x86.ActiveCfg = Debug|Any CPU
		{A1B2C3D4-E5F6-4A5B-8C7D-9E0F1A2B3C4D}.Debug|x86.Build.0 = Debug|Any CPU
		{A1B2C3D4-E5F6-4A5B-8C7D-9E0F1A2B3C4D}.Release|Any CPU.ActiveCfg = Release|Any CPU
		{A1B2C3D4-E5F6-4A5B-8C7D-9E0F1A2B3C4D}.Release|Any CPU.Build.0 = Release|Any CPU
		{A1B2C3D4-E5F6-4A5B-8C7D-9E0F1A2B3C4D}.Release|x64.ActiveCfg = Release|Any CPU
		{A1B2C3D4-E5F6-4A5B-8C7D-9E0F1A2B3C4D}.Release|x64.Build.0 = Release|Any CPU
		{A1B2C3D4-E5F6-4A5B-8C7D-9E0F1A2B3C4D}.Release|x86.ActiveCfg = Release|Any CPU
		{A1B2C3D4-E5F6-4A5B-8C7D-9E0F1A2B3C4D}.Release|x86.Build.0 = Release|Any CPU
		{B2C3D4E5-F6A7-5B6C-9D8E-0F1A2B3C4D5E}.Debug|Any CPU.ActiveCfg = Debug|Any CPU
		{B2C3D4E5-F6A7-5B6C-9D8E-0F1A2B3C4D5E}.Debug|Any CPU.Build.0 = Debug|Any CPU
		{B2C3D4E5-F6A7-5B6C-9D8E-0F1A2B3C4D5E}.Debug|x64.ActiveCfg = Debug|Any CPU
		{B2C3D4E5-F6A7-5B6C-9D8E-0F1A2B3C4D5E}.Debug|x64.Build.0 = Debug|Any CPU
		{B2C3D4E5-F6A7-5B6C-9D8E-0F1A2B3C4D5E}.Debug|x86.ActiveCfg = Debug|Any CPU
		{B2C3D4E5-F6A7-5B6C-9D8E-0F1A2B3C4D5E}.Debug|x86.Build.0 = Debug|Any CPU
		{B2C3D4E5-F6A7-5B6C-9D8E-0F1A2B3C4D5E}.Release|Any CPU.ActiveCfg = Release|Any CPU
		{B2C3D4E5-F6A7-5B6C-9D8E-0F1A2B3C4D5E}.Release|Any CPU.Build.0 = Release|Any CPU
		{B2C3D4E5-F6A7-5B6C-9D8E-0F1A2B3C4D5E}.Release|x64.ActiveCfg = Release|Any CPU
		{B2C3D4E5-F6A7-5B6C-9D8E-0F1A2B3C4D5E}.Release|x64.Build.0 = Release|Any CPU
		{B2C3D4E5-F6A7-5B6C-9D8E-0F1A2B3C4D5E}.Release|x86.ActiveCfg = Release|Any CPU
		{B2C3D4E5-F6A7-5B6C-9D8E-0F1A2B3C4D5E}.Release|x86.Build.0 = Release|Any CPU
		{C3D4E5F6-A7B8-6C7D-0E9F-1A2B3C4D5E6F}.Debug|Any CPU.ActiveCfg = Debug|Any CPU
		{C3D4E5F6-A7B8-6C7D-0E9F-1A2B3C4D5E6F}.Debug|Any CPU.Build.0 = Debug|Any CPU
		{C3D4E5F6-A7B8-6C7D-0E9F-1A2B3C4D5E6F}.Debug|x64.ActiveCfg = Debug|Any CPU
		{C3D4E5F6-A7B8-6C7D-0E9F-1A2B3C4D5E6F}.Debug|x64.Build.0 = Debug|Any CPU
		{C3D4E5F6-A7B8-6C7D-0E9F-1A2B3C4D5E6F}.Debug|x86.ActiveCfg = Debug|Any CPU
		{C3D4E5F6-A7B8-6C7D-0E9F-1A2B3C4D5E6F}.Debug|x86.Build.0 = Debug|Any CPU
		{C3D4E5F6-A7B8-6C7D-0E9F-1A2B3C4D5E6F}.Release|Any CPU.ActiveCfg = Release|Any CPU
		{C3D4E5F6-A7B8-6C7D-0E9F-1A2B3C4D5E6F}.Release|Any CPU.Build.0 = Release|Any CPU
		{C3D4E5F6-A7B8-6C7D-0E9F-1A2B3C4D5E6F}.Release|x64.ActiveCfg = Release|Any CPU
		{C3D4E5F6-A7B8-6C7D-0E9F-1A2B3C4D5E6F}.Release|x64.Build.0 = Release|Any CPU
		{C3D4E5F6-A7B8-6C7D-0E9F-1A2B3C4D5E6F}.Release|x86.ActiveCfg = Release|Any CPU
		{C3D4E5F6-A7B8-6C7D-0E9F-1A2B3C4D5E6F}.Release|x86.Build.0 = Release|Any CPU
		{D4E5F6A7-B8C9-7D8E-1F0A-2B3C4D5E6F7A}.Debug|Any CPU.ActiveCfg = Debug|Any CPU
		{D4E5F6A7-B8C9-7D8E-1F0A-2B3C4D5E6F7A}.Debug|Any CPU.Build.0 = Debug|Any CPU
		{D4E5F6A7-B8C9-7D8E-1F0A-2B3C4D5E6F7A}.Debug|x64.ActiveCfg = Debug|Any CPU
		{D4E5F6A7-B8C9-7D8E-1F0A-2B3C4D5E6F7A}.Debug|x64.Build.0 = Debug|Any CPU
		{D4E5F6A7-B8C9-7D8E-1F0A-2B3C4D5E6F7A}.Debug|x86.ActiveCfg = Debug|Any CPU
		{D4E5F6A7-B8C9-7D8E-1F0A-2B3C4D5E6F7A}.Debug|x86.Build.0 = Debug|Any CPU
		{D4E5F6A7-B8C9-7D8E-1F0A-2B3C4D5E6F7A}.Release|Any CPU.ActiveCfg = Release|Any CPU
		{D4E5F6A7-B8C9-7D8E-1F0A-2B3C4D5E6F7A}.Release|Any CPU.Build.0 = Release|Any CPU
		{D4E5F6A7-B8C9-7D8E-1F0A-2B3C4D5E6F7A}.Release|x64.ActiveCfg = Release|Any CPU
		{D4E5F6A7-B8C9-7D8E-1F0A-2B3C4D5E6F7A}.Release|x64.Build.0 = Release|Any CPU
		{D4E5F6A7-B8C9-7D8E-1F0A-2B3C4D5E6F7A}.Release|x86.ActiveCfg = Release|Any CPU
		{D4E5F6A7-B8C9-7D8E-1F0A-2B3C4D5E6F7A}.Release|x86.Build.0 = Release|Any CPU
		{F5FAB576-6F80-4690-A867-B427B0222C54}.Debug|Any CPU.ActiveCfg = Debug|Any CPU
		{F5FAB576-6F80-4690-A867-B427B0222C54}.Debug|Any CPU.Build.0 = Debug|Any CPU
		{F5FAB576-6F80-4690-A867-B427B0222C54}.Debug|x64.ActiveCfg = Debug|Any CPU
		{F5FAB576-6F80-4690-A867-B427B0222C54}.Debug|x64.Build.0 = Debug|Any CPU
		{F5FAB576-6F80-4690-A867-B427B0222C54}.Debug|x86.ActiveCfg = Debug|Any CPU
		{F5FAB576-6F80-4690-A867-B427B0222C54}.Debug|x86.Build.0 = Debug|Any CPU
		{F5FAB576-6F80-4690-A867-B427B0222C54}.Release|Any CPU.ActiveCfg = Release|Any CPU
		{F5FAB576-6F80-4690-A867-B427B0222C54}.Release|Any CPU.Build.0 = Release|Any CPU
		{F5FAB576-6F80-4690-A867-B427B0222C54}.Release|x64.ActiveCfg = Release|Any CPU
		{F5FAB576-6F80-4690-A867-B427B0222C54}.Release|x64.Build.0 = Release|Any CPU
		{F5FAB576-6F80-4690-A867-B427B0222C54}.Release|x86.ActiveCfg = Release|Any CPU
		{F5FAB576-6F80-4690-A867-B427B0222C54}.Release|x86.Build.0 = Release|Any CPU
		{3BEEC446-3F27-418E-953D-D63D903C53D0}.Debug|Any CPU.ActiveCfg = Debug|Any CPU
		{3BEEC446-3F27-418E-953D-D63D903C53D0}.Debug|Any CPU.Build.0 = Debug|Any CPU
		{3BEEC446-3F27-418E-953D-D63D903C53D0}.Debug|x64.ActiveCfg = Debug|Any CPU
		{3BEEC446-3F27-418E-953D-D63D903C53D0}.Debug|x64.Build.0 = Debug|Any CPU
		{3BEEC446-3F27-418E-953D-D63D903C53D0}.Debug|x86.ActiveCfg = Debug|Any CPU
		{3BEEC446-3F27-418E-953D-D63D903C53D0}.Debug|x86.Build.0 = Debug|Any CPU
		{3BEEC446-3F27-418E-953D-D63D903C53D0}.Release|Any CPU.ActiveCfg = Release|Any CPU
		{3BEEC446-3F27-418E-953D-D63D903C53D0}.Release|Any CPU.Build.0 = Release|Any CPU
		{3BEEC446-3F27-418E-953D-D63D903C53D0}.Release|x64.ActiveCfg = Release|Any CPU
		{3BEEC446-3F27-418E-953D-D63D903C53D0}.Release|x64.Build.0 = Release|Any CPU
		{3BEEC446-3F27-418E-953D-D63D903C53D0}.Release|x86.ActiveCfg = Release|Any CPU
		{3BEEC446-3F27-418E-953D-D63D903C53D0}.Release|x86.Build.0 = Release|Any CPU
	EndGlobalSection
	GlobalSection(SolutionProperties) = preSolution
		HideSolutionNode = FALSE
	EndGlobalSection
	GlobalSection(NestedProjects) = preSolution
		{A1B2C3D4-E5F6-4A5B-8C7D-9E0F1A2B3C4D} = {E5F6A7B8-C9DA-8E9F-2A1B-3C4D5E6F7A8B}
		{B2C3D4E5-F6A7-5B6C-9D8E-0F1A2B3C4D5E} = {E5F6A7B8-C9DA-8E9F-2A1B-3C4D5E6F7A8B}
		{C3D4E5F6-A7B8-6C7D-0E9F-1A2B3C4D5E6F} = {E5F6A7B8-C9DA-8E9F-2A1B-3C4D5E6F7A8B}
		{D4E5F6A7-B8C9-7D8E-1F0A-2B3C4D5E6F7A} = {F6A7B8C9-DAEB-9FAC-3B2C-4D5E6F7A8B9C}
		{F5FAB576-6F80-4690-A867-B427B0222C54} = {E5F6A7B8-C9DA-8E9F-2A1B-3C4D5E6F7A8B}
		{3BEEC446-3F27-418E-953D-D63D903C53D0} = {E5F6A7B8-C9DA-8E9F-2A1B-3C4D5E6F7A8B}
	EndGlobalSection
EndGlobal
